{
  "name": "qa-noter",
  "version": "1.0.0",
  "lockfileVersion": 1,
  "requires": true,
  "dependencies": {
    "body-scroll-lock": {
      "version": "2.6.4",
      "resolved": "https://registry.npmjs.org/body-scroll-lock/-/body-scroll-lock-2.6.4.tgz",
      "integrity": "sha512-NP08WsovlmxEoZP9pdlqrE+AhNaivlTrz9a0FF37BQsnOrpN48eNqivKkE7SYpM9N+YIPjsdVzfLAUQDBm6OQw=="
    },
    "popper.js": {
      "version": "1.16.0",
      "resolved": "https://registry.npmjs.org/popper.js/-/popper.js-1.16.0.tgz",
      "integrity": "sha512-+G+EkOPoE5S/zChTpmBSSDYmhXJ5PsW8eMhH8cP/CQHMFPBG/kC9Y5IIw6qNYgdJ+/COf0ddY2li28iHaZRSjw=="
    },
    "react-menu-window": {
      "version": "1.2.0",
      "resolved": "https://registry.npmjs.org/react-menu-window/-/react-menu-window-1.2.0.tgz",
      "integrity": "sha512-SDR01wTZWA3Z7qHUmgvV/lx7FrNSXj9X3EpMguFR3jOyDSn/E35/ixGcgFdkznuTFBNJ0UG0zIA84ZQkGA9Vzw==",
      "requires": {
        "reakit": "^1.0.0-beta.4"
      }
    },
    "reakit": {
      "version": "1.0.0-beta.12",
      "resolved": "https://registry.npmjs.org/reakit/-/reakit-1.0.0-beta.12.tgz",
      "integrity": "sha512-jf/0RWmJypG9wFbbCSj9mFxb474TCFnAweKnrh3yLJiMjKDEAFXic0cNyhqxSuOUUyZeT67bUFbu25DXBNfRmQ==",
      "requires": {
        "body-scroll-lock": "^2.6.4",
        "popper.js": "^1.16.0",
        "reakit-system": "^0.7.0",
        "reakit-utils": "^0.7.1"
      }
    },
    "reakit-system": {
      "version": "0.7.0",
      "resolved": "https://registry.npmjs.org/reakit-system/-/reakit-system-0.7.0.tgz",
      "integrity": "sha512-6MaQsoyIhU0b0RGfIfGSSGujCx0XVBtfJkRcn+TviiWwMXGS9liTCDBE1vn7fLnUYiR6kqll50Nmw//oIn97cg=="
    },
    "reakit-utils": {
      "version": "0.7.1",
      "resolved": "https://registry.npmjs.org/reakit-utils/-/reakit-utils-0.7.1.tgz",
      "integrity": "sha512-xQJctof9V+wkC7OxSL7P14d5Se6l/apCfhY8liIfVihtakzXOkvKea4Ka/TbEfpoTKN7MRO4xNMxjfzuGFexHQ=="
    }
  }
}
